
Microsoft Visual Studio Solution File, Format Version 12.00
# Visual Studio Version 16
VisualStudioVersion = 16.0.30309.148
MinimumVisualStudioVersion = 10.0.40219.1
Project("{FAE04EC0-301F-11D3-BF4B-00C04F79EFBC}") = "oop_L3", "oop_L3\oop_L3.csproj", "{8F4F59EF-7DD8-4E86-97F3-C8FD6D834E23}"
EndProject
Global
	GlobalSection(SolutionConfigurationPlatforms) = preSolution
		Debug|Any CPU = Debug|Any CPU
		Release|Any CPU = Release|Any CPU
	EndGlobalSection
	GlobalSection(ProjectConfigurationPlatforms) = postSolution
		{8F4F59EF-7DD8-4E86-97F3-C8FD6D834E23}.Debug|Any CPU.ActiveCfg = Debug|Any CPU
		{8F4F59EF-7DD8-4E86-97F3-C8FD6D834E23}.Debug|Any CPU.Build.0 = Debug|Any CPU
		{8F4F59EF-7DD8-4E86-97F3-C8FD6D834E23}.Release|Any CPU.ActiveCfg = Release|Any CPU
		{8F4F59EF-7DD8-4E86-97F3-C8FD6D834E23}.Release|Any CPU.Build.0 = Release|Any CPU
	EndGlobalSection
	GlobalSection(SolutionProperties) = preSolution
		HideSolutionNode = FALSE
	EndGlobalSection
	GlobalSection(ExtensibilityGlobals) = postSolution
		SolutionGuid = {F523C291-B372-46BD-9240-AA83EFCBE4EC}
	EndGlobalSection
EndGlobal
